
Microsoft Visual Studio Solution File, Format Version 12.00
# Visual Studio 14
VisualStudioVersion = 14.0.25420.1
MinimumVisualStudioVersion = 10.0.40219.1
Project("{FAE04EC0-301F-11D3-BF4B-00C04F79EFBC}") = "STPM", "STPM\STPM.csproj", "{FC3A0807-E3FE-4CF0-8960-819AB7AC2AD7}"
EndProject
Project("{FAE04EC0-301F-11D3-BF4B-00C04F79EFBC}") = "CapaDatos", "CapaDatos\CapaDatos.csproj", "{C9D9C913-AE31-4096-AC65-1E1637D4F526}"
EndProject
Project("{FAE04EC0-301F-11D3-BF4B-00C04F79EFBC}") = "CapaNegocio", "CapaNegocio\CapaNegocio.csproj", "{8473D156-9891-44C2-AFA8-C5EF355654C8}"
EndProject
Global
	GlobalSection(SolutionConfigurationPlatforms) = preSolution
		Debug|Any CPU = Debug|Any CPU
		Release|Any CPU = Release|Any CPU
	EndGlobalSection
	GlobalSection(ProjectConfigurationPlatforms) = postSolution
		{FC3A0807-E3FE-4CF0-8960-819AB7AC2AD7}.Debug|Any CPU.ActiveCfg = Debug|Any CPU
		{FC3A0807-E3FE-4CF0-8960-819AB7AC2AD7}.Debug|Any CPU.Build.0 = Debug|Any CPU
		{FC3A0807-E3FE-4CF0-8960-819AB7AC2AD7}.Release|Any CPU.ActiveCfg = Release|Any CPU
		{FC3A0807-E3FE-4CF0-8960-819AB7AC2AD7}.Release|Any CPU.Build.0 = Release|Any CPU
		{C9D9C913-AE31-4096-AC65-1E1637D4F526}.Debug|Any CPU.ActiveCfg = Debug|Any CPU
		{C9D9C913-AE31-4096-AC65-1E1637D4F526}.Debug|Any CPU.Build.0 = Debug|Any CPU
		{C9D9C913-AE31-4096-AC65-1E1637D4F526}.Release|Any CPU.ActiveCfg = Release|Any CPU
		{C9D9C913-AE31-4096-AC65-1E1637D4F526}.Release|Any CPU.Build.0 = Release|Any CPU
		{8473D156-9891-44C2-AFA8-C5EF355654C8}.Debug|Any CPU.ActiveCfg = Debug|Any CPU
		{8473D156-9891-44C2-AFA8-C5EF355654C8}.Debug|Any CPU.Build.0 = Debug|Any CPU
		{8473D156-9891-44C2-AFA8-C5EF355654C8}.Release|Any CPU.ActiveCfg = Release|Any CPU
		{8473D156-9891-44C2-AFA8-C5EF355654C8}.Release|Any CPU.Build.0 = Release|Any CPU
	EndGlobalSection
	GlobalSection(SolutionProperties) = preSolution
		HideSolutionNode = FALSE
	EndGlobalSection
EndGlobal
